
Microsoft Visual Studio Solution File, Format Version 12.00
# Visual Studio Version 16
VisualStudioVersion = 16.0.29509.3
MinimumVisualStudioVersion = 10.0.40219.1
Project("{2150E333-8FDC-42A3-9474-1A3956D46DE8}") = "YZY.Mysql.Demo.Client", "YZY.Mysql.Demo.Client", "{497AE871-1346-4EFD-B697-4379D59381E3}"
EndProject
Project("{FAE04EC0-301F-11D3-BF4B-00C04F79EFBC}") = "YZY.Mysql.Demo.Client", "YZY.Mysql.Demo.Client\YZY.Mysql.Demo.Client.csproj", "{2EE0A3E5-2EFF-426B-9F60-9D461CDC5811}"
EndProject
Project("{2150E333-8FDC-42A3-9474-1A3956D46DE8}") = "YZY.Mysql.Demo.Thrifts", "YZY.Mysql.Demo.Thrifts", "{0D929454-3130-48FC-B411-5AB8A735790D}"
EndProject
Project("{FAE04EC0-301F-11D3-BF4B-00C04F79EFBC}") = "YZY.Mysql.Demo.Thrifts", "YZY.Mysql.Demo.Thrifts\YZY.Mysql.Demo.Thrifts.csproj", "{1EACE214-888C-4C9B-A0D2-C7ABD396853D}"
EndProject
Project("{2150E333-8FDC-42A3-9474-1A3956D46DE8}") = "YZY.Mysql.Demo.Service", "YZY.Mysql.Demo.Service", "{E6804A90-0598-4B43-B52E-610E57819A69}"
EndProject
Project("{FAE04EC0-301F-11D3-BF4B-00C04F79EFBC}") = "YZY.Mysql.Demo.Service", "YZY.Mysql.Demo.Service\YZY.Mysql.Demo.Service.csproj", "{6B923FA5-9567-4666-A6F4-1210CDF7B797}"
EndProject
Project("{FAE04EC0-301F-11D3-BF4B-00C04F79EFBC}") = "YZY.Mysql.Demo.Service.Model", "YZY.Mysql.Demo.Service.Model\YZY.Mysql.Demo.Service.Model.csproj", "{23D84473-4D02-4C7E-B1C5-8C96AD6D61F4}"
EndProject
Project("{FAE04EC0-301F-11D3-BF4B-00C04F79EFBC}") = "YZY.Mysql.Demo.Service.Data", "YZY.Mysql.Demo.Service.Data\YZY.Mysql.Demo.Service.Data.csproj", "{7BA96B8F-E966-45AB-A4BE-8D6A80BEEE28}"
EndProject
Project("{FAE04EC0-301F-11D3-BF4B-00C04F79EFBC}") = "YZY.Mysql.Demo.Service.Bll", "YZY.Mysql.Demo.Service.Bll\YZY.Mysql.Demo.Service.Bll.csproj", "{98CF267E-C36E-4280-8433-AE2CE2656C32}"
EndProject
Project("{2150E333-8FDC-42A3-9474-1A3956D46DE8}") = "YZY.Myysql.Demo.Test", "YZY.Myysql.Demo.Test", "{C2CD16BE-2759-4F9C-83C8-76FD91582603}"
EndProject
Project("{FAE04EC0-301F-11D3-BF4B-00C04F79EFBC}") = "YZY.Mysql.Demo.Data.Test", "YZY.Mysql.Demo.Test\YZY.Mysql.Demo.Data.Test.csproj", "{54EA7040-DA04-42F2-BD5A-0041205729BA}"
EndProject
Project("{FAE04EC0-301F-11D3-BF4B-00C04F79EFBC}") = "YZY.Mysql.Demo.BLL.Test", "YZY.Mysql.Demo.BLL.Test\YZY.Mysql.Demo.BLL.Test.csproj", "{54D72EC0-ECD0-4F4D-ACBA-8AB736B338AF}"
EndProject
Project("{FAE04EC0-301F-11D3-BF4B-00C04F79EFBC}") = "YZY.Mysql.Demo.Service.Test", "YZY.Mysql.Demo.Service.Test\YZY.Mysql.Demo.Service.Test.csproj", "{6C3535F4-3F29-46CF-AEB9-4B1AF415AE80}"
EndProject
Project("{FAE04EC0-301F-11D3-BF4B-00C04F79EFBC}") = "YZY.Mysql.Demo.Client.Test", "YZY.Mysql.Demo.Client.Test\YZY.Mysql.Demo.Client.Test.csproj", "{7C79BE37-BC59-4A96-BFDD-AA0A44B75BEE}"
EndProject
Global
	GlobalSection(SolutionConfigurationPlatforms) = preSolution
		Debug|Any CPU = Debug|Any CPU
		Release|Any CPU = Release|Any CPU
	EndGlobalSection
	GlobalSection(ProjectConfigurationPlatforms) = postSolution
		{2EE0A3E5-2EFF-426B-9F60-9D461CDC5811}.Debug|Any CPU.ActiveCfg = Debug|Any CPU
		{2EE0A3E5-2EFF-426B-9F60-9D461CDC5811}.Debug|Any CPU.Build.0 = Debug|Any CPU
		{2EE0A3E5-2EFF-426B-9F60-9D461CDC5811}.Release|Any CPU.ActiveCfg = Release|Any CPU
		{2EE0A3E5-2EFF-426B-9F60-9D461CDC5811}.Release|Any CPU.Build.0 = Release|Any CPU
		{1EACE214-888C-4C9B-A0D2-C7ABD396853D}.Debug|Any CPU.ActiveCfg = Debug|Any CPU
		{1EACE214-888C-4C9B-A0D2-C7ABD396853D}.Debug|Any CPU.Build.0 = Debug|Any CPU
		{1EACE214-888C-4C9B-A0D2-C7ABD396853D}.Release|Any CPU.ActiveCfg = Release|Any CPU
		{1EACE214-888C-4C9B-A0D2-C7ABD396853D}.Release|Any CPU.Build.0 = Release|Any CPU
		{6B923FA5-9567-4666-A6F4-1210CDF7B797}.Debug|Any CPU.ActiveCfg = Debug|Any CPU
		{6B923FA5-9567-4666-A6F4-1210CDF7B797}.Debug|Any CPU.Build.0 = Debug|Any CPU
		{6B923FA5-9567-4666-A6F4-1210CDF7B797}.Release|Any CPU.ActiveCfg = Release|Any CPU
		{6B923FA5-9567-4666-A6F4-1210CDF7B797}.Release|Any CPU.Build.0 = Release|Any CPU
		{23D84473-4D02-4C7E-B1C5-8C96AD6D61F4}.Debug|Any CPU.ActiveCfg = Debug|Any CPU
		{23D84473-4D02-4C7E-B1C5-8C96AD6D61F4}.Debug|Any CPU.Build.0 = Debug|Any CPU
		{23D84473-4D02-4C7E-B1C5-8C96AD6D61F4}.Release|Any CPU.ActiveCfg = Release|Any CPU
		{23D84473-4D02-4C7E-B1C5-8C96AD6D61F4}.Release|Any CPU.Build.0 = Release|Any CPU
		{7BA96B8F-E966-45AB-A4BE-8D6A80BEEE28}.Debug|Any CPU.ActiveCfg = Debug|Any CPU
		{7BA96B8F-E966-45AB-A4BE-8D6A80BEEE28}.Debug|Any CPU.Build.0 = Debug|Any CPU
		{7BA96B8F-E966-45AB-A4BE-8D6A80BEEE28}.Release|Any CPU.ActiveCfg = Release|Any CPU
		{7BA96B8F-E966-45AB-A4BE-8D6A80BEEE28}.Release|Any CPU.Build.0 = Release|Any CPU
		{98CF267E-C36E-4280-8433-AE2CE2656C32}.Debug|Any CPU.ActiveCfg = Debug|Any CPU
		{98CF267E-C36E-4280-8433-AE2CE2656C32}.Debug|Any CPU.Build.0 = Debug|Any CPU
		{98CF267E-C36E-4280-8433-AE2CE2656C32}.Release|Any CPU.ActiveCfg = Release|Any CPU
		{98CF267E-C36E-4280-8433-AE2CE2656C32}.Release|Any CPU.Build.0 = Release|Any CPU
		{54EA7040-DA04-42F2-BD5A-0041205729BA}.Debug|Any CPU.ActiveCfg = Debug|Any CPU
		{54EA7040-DA04-42F2-BD5A-0041205729BA}.Debug|Any CPU.Build.0 = Debug|Any CPU
		{54EA7040-DA04-42F2-BD5A-0041205729BA}.Release|Any CPU.ActiveCfg = Release|Any CPU
		{54EA7040-DA04-42F2-BD5A-0041205729BA}.Release|Any CPU.Build.0 = Release|Any CPU
		{54D72EC0-ECD0-4F4D-ACBA-8AB736B338AF}.Debug|Any CPU.ActiveCfg = Debug|Any CPU
		{54D72EC0-ECD0-4F4D-ACBA-8AB736B338AF}.Debug|Any CPU.Build.0 = Debug|Any CPU
		{54D72EC0-ECD0-4F4D-ACBA-8AB736B338AF}.Release|Any CPU.ActiveCfg = Release|Any CPU
		{54D72EC0-ECD0-4F4D-ACBA-8AB736B338AF}.Release|Any CPU.Build.0 = Release|Any CPU
		{6C3535F4-3F29-46CF-AEB9-4B1AF415AE80}.Debug|Any CPU.ActiveCfg = Debug|Any CPU
		{6C3535F4-3F29-46CF-AEB9-4B1AF415AE80}.Debug|Any CPU.Build.0 = Debug|Any CPU
		{6C3535F4-3F29-46CF-AEB9-4B1AF415AE80}.Release|Any CPU.ActiveCfg = Release|Any CPU
		{6C3535F4-3F29-46CF-AEB9-4B1AF415AE80}.Release|Any CPU.Build.0 = Release|Any CPU
		{7C79BE37-BC59-4A96-BFDD-AA0A44B75BEE}.Debug|Any CPU.ActiveCfg = Debug|Any CPU
		{7C79BE37-BC59-4A96-BFDD-AA0A44B75BEE}.Debug|Any CPU.Build.0 = Debug|Any CPU
		{7C79BE37-BC59-4A96-BFDD-AA0A44B75BEE}.Release|Any CPU.ActiveCfg = Release|Any CPU
		{7C79BE37-BC59-4A96-BFDD-AA0A44B75BEE}.Release|Any CPU.Build.0 = Release|Any CPU
	EndGlobalSection
	GlobalSection(SolutionProperties) = preSolution
		HideSolutionNode = FALSE
	EndGlobalSection
	GlobalSection(NestedProjects) = preSolution
		{2EE0A3E5-2EFF-426B-9F60-9D461CDC5811} = {497AE871-1346-4EFD-B697-4379D59381E3}
		{1EACE214-888C-4C9B-A0D2-C7ABD396853D} = {0D929454-3130-48FC-B411-5AB8A735790D}
		{6B923FA5-9567-4666-A6F4-1210CDF7B797} = {E6804A90-0598-4B43-B52E-610E57819A69}
		{23D84473-4D02-4C7E-B1C5-8C96AD6D61F4} = {E6804A90-0598-4B43-B52E-610E57819A69}
		{7BA96B8F-E966-45AB-A4BE-8D6A80BEEE28} = {E6804A90-0598-4B43-B52E-610E57819A69}
		{98CF267E-C36E-4280-8433-AE2CE2656C32} = {E6804A90-0598-4B43-B52E-610E57819A69}
		{54EA7040-DA04-42F2-BD5A-0041205729BA} = {C2CD16BE-2759-4F9C-83C8-76FD91582603}
		{54D72EC0-ECD0-4F4D-ACBA-8AB736B338AF} = {C2CD16BE-2759-4F9C-83C8-76FD91582603}
		{6C3535F4-3F29-46CF-AEB9-4B1AF415AE80} = {C2CD16BE-2759-4F9C-83C8-76FD91582603}
		{7C79BE37-BC59-4A96-BFDD-AA0A44B75BEE} = {C2CD16BE-2759-4F9C-83C8-76FD91582603}
	EndGlobalSection
	GlobalSection(ExtensibilityGlobals) = postSolution
		SolutionGuid = {6F6A676C-0F69-493C-8BB7-C57B22A96816}
	EndGlobalSection
EndGlobal
